// !$*UTF8*$!
{
	archiveVersion = 1;
	classes = {
	};
	objectVersion = 56;
	objects = {

/* Begin PBXBuildFile section */
		0900532329D7243C00A84B75 /* HomeVideoTableViewCell.swift in Sources */ = {isa = PBXBuildFile; fileRef = 0900532129D7243C00A84B75 /* HomeVideoTableViewCell.swift */; };
		0900532429D7243C00A84B75 /* HomeVideoTableViewCell.xib in Resources */ = {isa = PBXBuildFile; fileRef = 0900532229D7243C00A84B75 /* HomeVideoTableViewCell.xib */; };
		0900532729D7244D00A84B75 /* HomeShotsVideoTableViewCell.swift in Sources */ = {isa = PBXBuildFile; fileRef = 0900532529D7244D00A84B75 /* HomeShotsVideoTableViewCell.swift */; };
		0900532829D7244D00A84B75 /* HomeShotsVideoTableViewCell.xib in Resources */ = {isa = PBXBuildFile; fileRef = 0900532629D7244D00A84B75 /* HomeShotsVideoTableViewCell.xib */; };
		0900532B29D726E000A84B75 /* HomeShortsCollectionViewCell.swift in Sources */ = {isa = PBXBuildFile; fileRef = 0900532929D726E000A84B75 /* HomeShortsCollectionViewCell.swift */; };
		0900532C29D726E000A84B75 /* HomeShortsCollectionViewCell.xib in Resources */ = {isa = PBXBuildFile; fileRef = 0900532A29D726E000A84B75 /* HomeShortsCollectionViewCell.xib */; };
		090DF1CB29D7400600F56B77 /* HomeViewController.swift in Sources */ = {isa = PBXBuildFile; fileRef = 090DF1CA29D7400600F56B77 /* HomeViewController.swift */; };
		091473D329C88A8500985F08 /* AppDelegate.swift in Sources */ = {isa = PBXBuildFile; fileRef = 091473D229C88A8500985F08 /* AppDelegate.swift */; };
		091473D529C88A8500985F08 /* SceneDelegate.swift in Sources */ = {isa = PBXBuildFile; fileRef = 091473D429C88A8500985F08 /* SceneDelegate.swift */; };
		091473D729C88A8500985F08 /* ViewController.swift in Sources */ = {isa = PBXBuildFile; fileRef = 091473D629C88A8500985F08 /* ViewController.swift */; };
		091473DA29C88A8500985F08 /* Main.storyboard in Resources */ = {isa = PBXBuildFile; fileRef = 091473D829C88A8500985F08 /* Main.storyboard */; };
		091473DC29C88A8700985F08 /* Assets.xcassets in Resources */ = {isa = PBXBuildFile; fileRef = 091473DB29C88A8700985F08 /* Assets.xcassets */; };
		091473DF29C88A8700985F08 /* LaunchScreen.storyboard in Resources */ = {isa = PBXBuildFile; fileRef = 091473DD29C88A8700985F08 /* LaunchScreen.storyboard */; };
		092FF22729D6FE3D00777548 /* LoginViewController.swift in Sources */ = {isa = PBXBuildFile; fileRef = 092FF22629D6FE3D00777548 /* LoginViewController.swift */; };
		83D958B89D2A7D512396B6F8 /* Pods_YoutubeClone.framework in Frameworks */ = {isa = PBXBuildFile; fileRef = EF8E6F6071DDFDAB8927AA22 /* Pods_YoutubeClone.framework */; };
/* End PBXBuildFile section */

/* Begin PBXFileReference section */
		0900532129D7243C00A84B75 /* HomeVideoTableViewCell.swift */ = {isa = PBXFileReference; lastKnownFileType = sourcecode.swift; path = HomeVideoTableViewCell.swift; sourceTree = "<group>"; };
		0900532229D7243C00A84B75 /* HomeVideoTableViewCell.xib */ = {isa = PBXFileReference; lastKnownFileType = file.xib; path = HomeVideoTableViewCell.xib; sourceTree = "<group>"; };
		0900532529D7244D00A84B75 /* HomeShotsVideoTableViewCell.swift */ = {isa = PBXFileReference; lastKnownFileType = sourcecode.swift; path = HomeShotsVideoTableViewCell.swift; sourceTree = "<group>"; };
		0900532629D7244D00A84B75 /* HomeShotsVideoTableViewCell.xib */ = {isa = PBXFileReference; lastKnownFileType = file.xib; path = HomeShotsVideoTableViewCell.xib; sourceTree = "<group>"; };
		0900532929D726E000A84B75 /* HomeShortsCollectionViewCell.swift */ = {isa = PBXFileReference; lastKnownFileType = sourcecode.swift; path = HomeShortsCollectionViewCell.swift; sourceTree = "<group>"; };
		0900532A29D726E000A84B75 /* HomeShortsCollectionViewCell.xib */ = {isa = PBXFileReference; lastKnownFileType = file.xib; path = HomeShortsCollectionViewCell.xib; sourceTree = "<group>"; };
		090DF1CA29D7400600F56B77 /* HomeViewController.swift */ = {isa = PBXFileReference; lastKnownFileType = sourcecode.swift; path = HomeViewController.swift; sourceTree = "<group>"; };
		091473CF29C88A8500985F08 /* YoutubeClone.app */ = {isa = PBXFileReference; explicitFileType = wrapper.application; includeInIndex = 0; path = YoutubeClone.app; sourceTree = BUILT_PRODUCTS_DIR; };
		091473D229C88A8500985F08 /* AppDelegate.swift */ = {isa = PBXFileReference; lastKnownFileType = sourcecode.swift; path = AppDelegate.swift; sourceTree = "<group>"; };
		091473D429C88A8500985F08 /* SceneDelegate.swift */ = {isa = PBXFileReference; lastKnownFileType = sourcecode.swift; path = SceneDelegate.swift; sourceTree = "<group>"; };
		091473D629C88A8500985F08 /* ViewController.swift */ = {isa = PBXFileReference; lastKnownFileType = sourcecode.swift; path = ViewController.swift; sourceTree = "<group>"; };
		091473D929C88A8500985F08 /* Base */ = {isa = PBXFileReference; lastKnownFileType = file.storyboard; name = Base; path = Base.lproj/Main.storyboard; sourceTree = "<group>"; };
		091473DB29C88A8700985F08 /* Assets.xcassets */ = {isa = PBXFileReference; lastKnownFileType = folder.assetcatalog; path = Assets.xcassets; sourceTree = "<group>"; };
		091473DE29C88A8700985F08 /* Base */ = {isa = PBXFileReference; lastKnownFileType = file.storyboard; name = Base; path = Base.lproj/LaunchScreen.storyboard; sourceTree = "<group>"; };
		091473E029C88A8700985F08 /* Info.plist */ = {isa = PBXFileReference; lastKnownFileType = text.plist.xml; path = Info.plist; sourceTree = "<group>"; };
		092FF22629D6FE3D00777548 /* LoginViewController.swift */ = {isa = PBXFileReference; lastKnownFileType = sourcecode.swift; path = LoginViewController.swift; sourceTree = "<group>"; };
		674AA8BA99C99022F399CE76 /* Pods-YoutubeClone.debug.xcconfig */ = {isa = PBXFileReference; includeInIndex = 1; lastKnownFileType = text.xcconfig; name = "Pods-YoutubeClone.debug.xcconfig"; path = "Target Support Files/Pods-YoutubeClone/Pods-YoutubeClone.debug.xcconfig"; sourceTree = "<group>"; };
		80B372859553973A445B59A1 /* Pods-YoutubeClone.release.xcconfig */ = {isa = PBXFileReference; includeInIndex = 1; lastKnownFileType = text.xcconfig; name = "Pods-YoutubeClone.release.xcconfig"; path = "Target Support Files/Pods-YoutubeClone/Pods-YoutubeClone.release.xcconfig"; sourceTree = "<group>"; };
		EF8E6F6071DDFDAB8927AA22 /* Pods_YoutubeClone.framework */ = {isa = PBXFileReference; explicitFileType = wrapper.framework; includeInIndex = 0; path = Pods_YoutubeClone.framework; sourceTree = BUILT_PRODUCTS_DIR; };
/* End PBXFileReference section */

/* Begin PBXFrameworksBuildPhase section */
		091473CC29C88A8500985F08 /* Frameworks */ = {
			isa = PBXFrameworksBuildPhase;
			buildActionMask = 2147483647;
			files = (
				83D958B89D2A7D512396B6F8 /* Pods_YoutubeClone.framework in Frameworks */,
			);
			runOnlyForDeploymentPostprocessing = 0;
		};
/* End PBXFrameworksBuildPhase section */

/* Begin PBXGroup section */
		091473C629C88A8500985F08 = {
			isa = PBXGroup;
			children = (
				091473D129C88A8500985F08 /* YoutubeClone */,
				091473D029C88A8500985F08 /* Products */,
				B4742D334A365F4228FACE7D /* Pods */,
				7E4FAE9861783D29E564912D /* Frameworks */,
			);
			sourceTree = "<group>";
		};
		091473D029C88A8500985F08 /* Products */ = {
			isa = PBXGroup;
			children = (
				091473CF29C88A8500985F08 /* YoutubeClone.app */,
			);
			name = Products;
			sourceTree = "<group>";
		};
		091473D129C88A8500985F08 /* YoutubeClone */ = {
			isa = PBXGroup;
			children = (
				092FF22529D6FE2300777548 /* Model */,
				092FF22429D6FE1800777548 /* Controller */,
				092FF22329D6FE1000777548 /* ViewModel */,
				092FF22229D6FD5100777548 /* View */,
				091473D229C88A8500985F08 /* AppDelegate.swift */,
				091473D429C88A8500985F08 /* SceneDelegate.swift */,
				091473D629C88A8500985F08 /* ViewController.swift */,
				091473D829C88A8500985F08 /* Main.storyboard */,
				091473DB29C88A8700985F08 /* Assets.xcassets */,
				091473DD29C88A8700985F08 /* LaunchScreen.storyboard */,
				091473E029C88A8700985F08 /* Info.plist */,
			);
			path = YoutubeClone;
			sourceTree = "<group>";
		};
		092FF22229D6FD5100777548 /* View */ = {
			isa = PBXGroup;
			children = (
				092FF22629D6FE3D00777548 /* LoginViewController.swift */,
				090DF1CA29D7400600F56B77 /* HomeViewController.swift */,
			);
			path = View;
			sourceTree = "<group>";
		};
		092FF22329D6FE1000777548 /* ViewModel */ = {
			isa = PBXGroup;
			children = (
			);
			path = ViewModel;
			sourceTree = "<group>";
		};
		092FF22429D6FE1800777548 /* Controller */ = {
			isa = PBXGroup;
			children = (
				0900532129D7243C00A84B75 /* HomeVideoTableViewCell.swift */,
				0900532229D7243C00A84B75 /* HomeVideoTableViewCell.xib */,
				0900532529D7244D00A84B75 /* HomeShotsVideoTableViewCell.swift */,
				0900532629D7244D00A84B75 /* HomeShotsVideoTableViewCell.xib */,
				0900532929D726E000A84B75 /* HomeShortsCollectionViewCell.swift */,
				0900532A29D726E000A84B75 /* HomeShortsCollectionViewCell.xib */,
			);
			path = Controller;
			sourceTree = "<group>";
		};
		092FF22529D6FE2300777548 /* Model */ = {
			isa = PBXGroup;
			children = (
			);
			path = Model;
			sourceTree = "<group>";
		};
		7E4FAE9861783D29E564912D /* Frameworks */ = {
			isa = PBXGroup;
			children = (
				EF8E6F6071DDFDAB8927AA22 /* Pods_YoutubeClone.framework */,
			);
			name = Frameworks;
			sourceTree = "<group>";
		};
		B4742D334A365F4228FACE7D /* Pods */ = {
			isa = PBXGroup;
			children = (
				674AA8BA99C99022F399CE76 /* Pods-YoutubeClone.debug.xcconfig */,
				80B372859553973A445B59A1 /* Pods-YoutubeClone.release.xcconfig */,
			);
			path = Pods;
			sourceTree = "<group>";
		};
/* End PBXGroup section */

/* Begin PBXNativeTarget section */
		091473CE29C88A8500985F08 /* YoutubeClone */ = {
			isa = PBXNativeTarget;
			buildConfigurationList = 091473E329C88A8700985F08 /* Build configuration list for PBXNativeTarget "YoutubeClone" */;
			buildPhases = (
				382F05706FC3EF8D608DF02E /* [CP] Check Pods Manifest.lock */,
				091473CB29C88A8500985F08 /* Sources */,
				091473CC29C88A8500985F08 /* Frameworks */,
				091473CD29C88A8500985F08 /* Resources */,
				B5E59F80BB207A58898FDD69 /* [CP] Embed Pods Frameworks */,
			);
			buildRules = (
			);
			dependencies = (
			);
			name = YoutubeClone;
			productName = YoutubeClone;
			productReference = 091473CF29C88A8500985F08 /* YoutubeClone.app */;
			productType = "com.apple.product-type.application";
		};
/* End PBXNativeTarget section */

/* Begin PBXProject section */
		091473C729C88A8500985F08 /* Project object */ = {
			isa = PBXProject;
			attributes = {
				BuildIndependentTargetsInParallel = 1;
				LastSwiftUpdateCheck = 1420;
				LastUpgradeCheck = 1420;
				TargetAttributes = {
					091473CE29C88A8500985F08 = {
						CreatedOnToolsVersion = 14.2;
					};
				};
			};
			buildConfigurationList = 091473CA29C88A8500985F08 /* Build configuration list for PBXProject "YoutubeClone" */;
			compatibilityVersion = "Xcode 14.0";
			developmentRegion = en;
			hasScannedForEncodings = 0;
			knownRegions = (
				en,
				Base,
			);
			mainGroup = 091473C629C88A8500985F08;
			productRefGroup = 091473D029C88A8500985F08 /* Products */;
			projectDirPath = "";
			projectRoot = "";
			targets = (
				091473CE29C88A8500985F08 /* YoutubeClone */,
			);
		};
/* End PBXProject section */

/* Begin PBXResourcesBuildPhase section */
		091473CD29C88A8500985F08 /* Resources */ = {
			isa = PBXResourcesBuildPhase;
			buildActionMask = 2147483647;
			files = (
				091473DF29C88A8700985F08 /* LaunchScreen.storyboard in Resources */,
				091473DC29C88A8700985F08 /* Assets.xcassets in Resources */,
				0900532C29D726E000A84B75 /* HomeShortsCollectionViewCell.xib in Resources */,
				0900532829D7244D00A84B75 /* HomeShotsVideoTableViewCell.xib in Resources */,
				0900532429D7243C00A84B75 /* HomeVideoTableViewCell.xib in Resources */,
				091473DA29C88A8500985F08 /* Main.storyboard in Resources */,
			);
			runOnlyForDeploymentPostprocessing = 0;
		};
/* End PBXResourcesBuildPhase section */

/* Begin PBXShellScriptBuildPhase section */
		382F05706FC3EF8D608DF02E /* [CP] Check Pods Manifest.lock */ = {
			isa = PBXShellScriptBuildPhase;
			buildActionMask = 2147483647;
			files = (
			);
			inputFileListPaths = (
			);
			inputPaths = (
				"${PODS_PODFILE_DIR_PATH}/Podfile.lock",
				"${PODS_ROOT}/Manifest.lock",
			);
			name = "[CP] Check Pods Manifest.lock";
			outputFileListPaths = (
			);
			outputPaths = (
				"$(DERIVED_FILE_DIR)/Pods-YoutubeClone-checkManifestLockResult.txt",
			);
			runOnlyForDeploymentPostprocessing = 0;
			shellPath = /bin/sh;
			shellScript = "diff \"${PODS_PODFILE_DIR_PATH}/Podfile.lock\" \"${PODS_ROOT}/Manifest.lock\" > /dev/null\nif [ $? != 0 ] ; then\n    # print error to STDERR\n    echo \"error: The sandbox is not in sync with the Podfile.lock. Run 'pod install' or update your CocoaPods installation.\" >&2\n    exit 1\nfi\n# This output is used by Xcode 'outputs' to avoid re-running this script phase.\necho \"SUCCESS\" > \"${SCRIPT_OUTPUT_FILE_0}\"\n";
			showEnvVarsInLog = 0;
		};
		B5E59F80BB207A58898FDD69 /* [CP] Embed Pods Frameworks */ = {
			isa = PBXShellScriptBuildPhase;
			buildActionMask = 2147483647;
			files = (
			);
			inputFileListPaths = (
				"${PODS_ROOT}/Target Support Files/Pods-YoutubeClone/Pods-YoutubeClone-frameworks-${CONFIGURATION}-input-files.xcfilelist",
			);
			name = "[CP] Embed Pods Frameworks";
			outputFileListPaths = (
				"${PODS_ROOT}/Target Support Files/Pods-YoutubeClone/Pods-YoutubeClone-frameworks-${CONFIGURATION}-output-files.xcfilelist",
			);
			runOnlyForDeploymentPostprocessing = 0;
			shellPath = /bin/sh;
			shellScript = "\"${PODS_ROOT}/Target Support Files/Pods-YoutubeClone/Pods-YoutubeClone-frameworks.sh\"\n";
			showEnvVarsInLog = 0;
		};
/* End PBXShellScriptBuildPhase section */

/* Begin PBXSourcesBuildPhase section */
		091473CB29C88A8500985F08 /* Sources */ = {
			isa = PBXSourcesBuildPhase;
			buildActionMask = 2147483647;
			files = (
				0900532B29D726E000A84B75 /* HomeShortsCollectionViewCell.swift in Sources */,
				092FF22729D6FE3D00777548 /* LoginViewController.swift in Sources */,
				0900532329D7243C00A84B75 /* HomeVideoTableViewCell.swift in Sources */,
				090DF1CB29D7400600F56B77 /* HomeViewController.swift in Sources */,
				091473D729C88A8500985F08 /* ViewController.swift in Sources */,
				091473D329C88A8500985F08 /* AppDelegate.swift in Sources */,
				091473D529C88A8500985F08 /* SceneDelegate.swift in Sources */,
				0900532729D7244D00A84B75 /* HomeShotsVideoTableViewCell.swift in Sources */,
			);
			runOnlyForDeploymentPostprocessing = 0;
		};
/* End PBXSourcesBuildPhase section */

/* Begin PBXVariantGroup section */
		091473D829C88A8500985F08 /* Main.storyboard */ = {
			isa = PBXVariantGroup;
			children = (
				091473D929C88A8500985F08 /* Base */,
			);
			name = Main.storyboard;
			sourceTree = "<group>";
		};
		091473DD29C88A8700985F08 /* LaunchScreen.storyboard */ = {
			isa = PBXVariantGroup;
			children = (
				091473DE29C88A8700985F08 /* Base */,
			);
			name = LaunchScreen.storyboard;
			sourceTree = "<group>";
		};
/* End PBXVariantGroup section */

/* Begin XCBuildConfiguration section */
		091473E129C88A8700985F08 /* Debug */ = {
			isa = XCBuildConfiguration;
			buildSettings = {
				ALWAYS_SEARCH_USER_PATHS = NO;
				CLANG_ANALYZER_NONNULL = YES;
				CLANG_ANALYZER_NUMBER_OBJECT_CONVERSION = YES_AGGRESSIVE;
				CLANG_CXX_LANGUAGE_STANDARD = "gnu++20";
				CLANG_ENABLE_MODULES = YES;
				CLANG_ENABLE_OBJC_ARC = YES;
				CLANG_ENABLE_OBJC_WEAK = YES;
				CLANG_WARN_BLOCK_CAPTURE_AUTORELEASING = YES;
				CLANG_WARN_BOOL_CONVERSION = YES;
				CLANG_WARN_COMMA = YES;
				CLANG_WARN_CONSTANT_CONVERSION = YES;
				CLANG_WARN_DEPRECATED_OBJC_IMPLEMENTATIONS = YES;
				CLANG_WARN_DIRECT_OBJC_ISA_USAGE = YES_ERROR;
				CLANG_WARN_DOCUMENTATION_COMMENTS = YES;
				CLANG_WARN_EMPTY_BODY = YES;
				CLANG_WARN_ENUM_CONVERSION = YES;
				CLANG_WARN_INFINITE_RECURSION = YES;
				CLANG_WARN_INT_CONVERSION = YES;
				CLANG_WARN_NON_LITERAL_NULL_CONVERSION = YES;
				CLANG_WARN_OBJC_IMPLICIT_RETAIN_SELF = YES;
				CLANG_WARN_OBJC_LITERAL_CONVERSION = YES;
				CLANG_WARN_OBJC_ROOT_CLASS = YES_ERROR;
				CLANG_WARN_QUOTED_INCLUDE_IN_FRAMEWORK_HEADER = YES;
				CLANG_WARN_RANGE_LOOP_ANALYSIS = YES;
				CLANG_WARN_STRICT_PROTOTYPES = YES;
				CLANG_WARN_SUSPICIOUS_MOVE = YES;
				CLANG_WARN_UNGUARDED_AVAILABILITY = YES_AGGRESSIVE;
				CLANG_WARN_UNREACHABLE_CODE = YES;
				CLANG_WARN__DUPLICATE_METHOD_MATCH = YES;
				COPY_PHASE_STRIP = NO;
				DEBUG_INFORMATION_FORMAT = dwarf;
				ENABLE_STRICT_OBJC_MSGSEND = YES;
				ENABLE_TESTABILITY = YES;
				GCC_C_LANGUAGE_STANDARD = gnu11;
				GCC_DYNAMIC_NO_PIC = NO;
				GCC_NO_COMMON_BLOCKS = YES;
				GCC_OPTIMIZATION_LEVEL = 0;
				GCC_PREPROCESSOR_DEFINITIONS = (
					"DEBUG=1",
					"$(inherited)",
				);
				GCC_WARN_64_TO_32_BIT_CONVERSION = YES;
				GCC_WARN_ABOUT_RETURN_TYPE = YES_ERROR;
				GCC_WARN_UNDECLARED_SELECTOR = YES;
				GCC_WARN_UNINITIALIZED_AUTOS = YES_AGGRESSIVE;
				GCC_WARN_UNUSED_FUNCTION = YES;
				GCC_WARN_UNUSED_VARIABLE = YES;
				IPHONEOS_DEPLOYMENT_TARGET = 16.2;
				MTL_ENABLE_DEBUG_INFO = INCLUDE_SOURCE;
				MTL_FAST_MATH = YES;
				ONLY_ACTIVE_ARCH = YES;
				SDKROOT = iphoneos;
				SWIFT_ACTIVE_COMPILATION_CONDITIONS = DEBUG;
				SWIFT_OPTIMIZATION_LEVEL = "-Onone";
			};
			name = Debug;
		};
		091473E229C88A8700985F08 /* Release */ = {
			isa = XCBuildConfiguration;
			buildSettings = {
				ALWAYS_SEARCH_USER_PATHS = NO;
				CLANG_ANALYZER_NONNULL = YES;
				CLANG_ANALYZER_NUMBER_OBJECT_CONVERSION = YES_AGGRESSIVE;
				CLANG_CXX_LANGUAGE_STANDARD = "gnu++20";
				CLANG_ENABLE_MODULES = YES;
				CLANG_ENABLE_OBJC_ARC = YES;
				CLANG_ENABLE_OBJC_WEAK = YES;
				CLANG_WARN_BLOCK_CAPTURE_AUTORELEASING = YES;
				CLANG_WARN_BOOL_CONVERSION = YES;
				CLANG_WARN_COMMA = YES;
				CLANG_WARN_CONSTANT_CONVERSION = YES;
				CLANG_WARN_DEPRECATED_OBJC_IMPLEMENTATIONS = YES;
				CLANG_WARN_DIRECT_OBJC_ISA_USAGE = YES_ERROR;
				CLANG_WARN_DOCUMENTATION_COMMENTS = YES;
				CLANG_WARN_EMPTY_BODY = YES;
				CLANG_WARN_ENUM_CONVERSION = YES;
				CLANG_WARN_INFINITE_RECURSION = YES;
				CLANG_WARN_INT_CONVERSION = YES;
				CLANG_WARN_NON_LITERAL_NULL_CONVERSION = YES;
				CLANG_WARN_OBJC_IMPLICIT_RETAIN_SELF = YES;
				CLANG_WARN_OBJC_LITERAL_CONVERSION = YES;
				CLANG_WARN_OBJC_ROOT_CLASS = YES_ERROR;
				CLANG_WARN_QUOTED_INCLUDE_IN_FRAMEWORK_HEADER = YES;
				CLANG_WARN_RANGE_LOOP_ANALYSIS = YES;
				CLANG_WARN_STRICT_PROTOTYPES = YES;
				CLANG_WARN_SUSPICIOUS_MOVE = YES;
				CLANG_WARN_UNGUARDED_AVAILABILITY = YES_AGGRESSIVE;
				CLANG_WARN_UNREACHABLE_CODE = YES;
				CLANG_WARN__DUPLICATE_METHOD_MATCH = YES;
				COPY_PHASE_STRIP = NO;
				DEBUG_INFORMATION_FORMAT = "dwarf-with-dsym";
				ENABLE_NS_ASSERTIONS = NO;
				ENABLE_STRICT_OBJC_MSGSEND = YES;
				GCC_C_LANGUAGE_STANDARD = gnu11;
				GCC_NO_COMMON_BLOCKS = YES;
				GCC_WARN_64_TO_32_BIT_CONVERSION = YES;
				GCC_WARN_ABOUT_RETURN_TYPE = YES_ERROR;
				GCC_WARN_UNDECLARED_SELECTOR = YES;
				GCC_WARN_UNINITIALIZED_AUTOS = YES_AGGRESSIVE;
				GCC_WARN_UNUSED_FUNCTION = YES;
				GCC_WARN_UNUSED_VARIABLE = YES;
				IPHONEOS_DEPLOYMENT_TARGET = 16.2;
				MTL_ENABLE_DEBUG_INFO = NO;
				MTL_FAST_MATH = YES;
				SDKROOT = iphoneos;
				SWIFT_COMPILATION_MODE = wholemodule;
				SWIFT_OPTIMIZATION_LEVEL = "-O";
				VALIDATE_PRODUCT = YES;
			};
			name = Release;
		};
		091473E429C88A8700985F08 /* Debug */ = {
			isa = XCBuildConfiguration;
			baseConfigurationReference = 674AA8BA99C99022F399CE76 /* Pods-YoutubeClone.debug.xcconfig */;
			buildSettings = {
				ASSETCATALOG_COMPILER_APPICON_NAME = AppIcon;
				ASSETCATALOG_COMPILER_GLOBAL_ACCENT_COLOR_NAME = AccentColor;
				CODE_SIGN_STYLE = Automatic;
				CURRENT_PROJECT_VERSION = 1;
				DEVELOPMENT_TEAM = JA7UDVTQBU;
				GENERATE_INFOPLIST_FILE = YES;
				INFOPLIST_FILE = YoutubeClone/Info.plist;
				INFOPLIST_KEY_UIApplicationSupportsIndirectInputEvents = YES;
				INFOPLIST_KEY_UILaunchStoryboardName = LaunchScreen;
				INFOPLIST_KEY_UIMainStoryboardFile = Main;
				INFOPLIST_KEY_UISupportedInterfaceOrientations_iPad = "UIInterfaceOrientationPortrait UIInterfaceOrientationPortraitUpsideDown UIInterfaceOrientationLandscapeLeft UIInterfaceOrientationLandscapeRight";
				INFOPLIST_KEY_UISupportedInterfaceOrientations_iPhone = "UIInterfaceOrientationPortrait UIInterfaceOrientationLandscapeLeft UIInterfaceOrientationLandscapeRight";
				LD_RUNPATH_SEARCH_PATHS = (
					"$(inherited)",
					"@executable_path/Frameworks",
				);
				MARKETING_VERSION = 1.0;
				PRODUCT_BUNDLE_IDENTIFIER = jc.YoutubeClone;
				PRODUCT_NAME = "$(TARGET_NAME)";
				SWIFT_EMIT_LOC_STRINGS = YES;
				SWIFT_VERSION = 5.0;
				TARGETED_DEVICE_FAMILY = "1,2";
			};
			name = Debug;
		};
		091473E529C88A8700985F08 /* Release */ = {
			isa = XCBuildConfiguration;
			baseConfigurationReference = 80B372859553973A445B59A1 /* Pods-YoutubeClone.release.xcconfig */;
			buildSettings = {
				ASSETCATALOG_COMPILER_APPICON_NAME = AppIcon;
				ASSETCATALOG_COMPILER_GLOBAL_ACCENT_COLOR_NAME = AccentColor;
				CODE_SIGN_STYLE = Automatic;
				CURRENT_PROJECT_VERSION = 1;
				DEVELOPMENT_TEAM = JA7UDVTQBU;
				GENERATE_INFOPLIST_FILE = YES;
				INFOPLIST_FILE = YoutubeClone/Info.plist;
				INFOPLIST_KEY_UIApplicationSupportsIndirectInputEvents = YES;
				INFOPLIST_KEY_UILaunchStoryboardName = LaunchScreen;
				INFOPLIST_KEY_UIMainStoryboardFile = Main;
				INFOPLIST_KEY_UISupportedInterfaceOrientations_iPad = "UIInterfaceOrientationPortrait UIInterfaceOrientationPortraitUpsideDown UIInterfaceOrientationLandscapeLeft UIInterfaceOrientationLandscapeRight";
				INFOPLIST_KEY_UISupportedInterfaceOrientations_iPhone = "UIInterfaceOrientationPortrait UIInterfaceOrientationLandscapeLeft UIInterfaceOrientationLandscapeRight";
				LD_RUNPATH_SEARCH_PATHS = (
					"$(inherited)",
					"@executable_path/Frameworks",
				);
				MARKETING_VERSION = 1.0;
				PRODUCT_BUNDLE_IDENTIFIER = jc.YoutubeClone;
				PRODUCT_NAME = "$(TARGET_NAME)";
				SWIFT_EMIT_LOC_STRINGS = YES;
				SWIFT_VERSION = 5.0;
				TARGETED_DEVICE_FAMILY = "1,2";
			};
			name = Release;
		};
/* End XCBuildConfiguration section */

/* Begin XCConfigurationList section */
		091473CA29C88A8500985F08 /* Build configuration list for PBXProject "YoutubeClone" */ = {
			isa = XCConfigurationList;
			buildConfigurations = (
				091473E129C88A8700985F08 /* Debug */,
				091473E229C88A8700985F08 /* Release */,
			);
			defaultConfigurationIsVisible = 0;
			defaultConfigurationName = Release;
		};
		091473E329C88A8700985F08 /* Build configuration list for PBXNativeTarget "YoutubeClone" */ = {
			isa = XCConfigurationList;
			buildConfigurations = (
				091473E429C88A8700985F08 /* Debug */,
				091473E529C88A8700985F08 /* Release */,
			);
			defaultConfigurationIsVisible = 0;
			defaultConfigurationName = Release;
		};
/* End XCConfigurationList section */
	};
	rootObject = 091473C729C88A8500985F08 /* Project object */;
}
